
Microsoft Visual Studio Solution File, Format Version 12.00
# Visual Studio Version 17
VisualStudioVersion = 17.1.32407.343
MinimumVisualStudioVersion = 10.0.40219.1
Project("{FAE04EC0-301F-11D3-BF4B-00C04F79EFBC}") = "task 35", "task 35.csproj", "{FB821AAF-4271-452C-9F99-FBED33EE5367}"
EndProject
Global
	GlobalSection(SolutionConfigurationPlatforms) = preSolution
		Debug|Any CPU = Debug|Any CPU
		Release|Any CPU = Release|Any CPU
	EndGlobalSection
	GlobalSection(ProjectConfigurationPlatforms) = postSolution
		{FB821AAF-4271-452C-9F99-FBED33EE5367}.Debug|Any CPU.ActiveCfg = Debug|Any CPU
		{FB821AAF-4271-452C-9F99-FBED33EE5367}.Debug|Any CPU.Build.0 = Debug|Any CPU
		{FB821AAF-4271-452C-9F99-FBED33EE5367}.Release|Any CPU.ActiveCfg = Release|Any CPU
		{FB821AAF-4271-452C-9F99-FBED33EE5367}.Release|Any CPU.Build.0 = Release|Any CPU
	EndGlobalSection
	GlobalSection(SolutionProperties) = preSolution
		HideSolutionNode = FALSE
	EndGlobalSection
	GlobalSection(ExtensibilityGlobals) = postSolution
		SolutionGuid = {A1A25B4F-5DBE-4450-A291-9C49B34785B3}
	EndGlobalSection
EndGlobal
